PODS:
  - BUKImagePickerController (0.1.2):
    - FastttCamera (~> 0.3)
  - Expecta (1.0.2)
  - FastttCamera (0.3.1):
    - FastttCamera/Default (= 0.3.1)
  - FastttCamera/Default (0.3.1)
  - Specta (1.0.3)

DEPENDENCIES:
  - BUKImagePickerController (from `../`)
  - Expecta
  - Specta

EXTERNAL SOURCES:
  BUKImagePickerController:
    :path: "../"

SPEC CHECKSUMS:
  BUKImagePickerController: ba5709cc48f34482ebcaae7589716d1a21bb9ee6
  Expecta: 54e8a3530add08f4f0208c111355eda7cde74a53
  FastttCamera: dfcec6e490be93130123309fdecc7cf444081470
  Specta: cf3e4188cf35375c3ee2cd03f8db8f1f4ef98234

COCOAPODS: 0.37.2
